// !$*UTF8*$!
{
	archiveVersion = 1;
	classes = {
	};
	objectVersion = 46;
	objects = {

/* Begin PBXBuildFile section */
		0381CD181BFAD6C800910ADF /* app.plist in Resources */ = {isa = PBXBuildFile; fileRef = 0381CD171BFAD6C800910ADF /* app.plist */; };
		03E185F71BCF993300280242 /* main.m in Sources */ = {isa = PBXBuildFile; fileRef = 03E185F61BCF993300280242 /* main.m */; };
		03E185FA1BCF993300280242 /* AppDelegate.m in Sources */ = {isa = PBXBuildFile; fileRef = 03E185F91BCF993300280242 /* AppDelegate.m */; };
		03E185FD1BCF993300280242 /* ViewController.m in Sources */ = {isa = PBXBuildFile; fileRef = 03E185FC1BCF993300280242 /* ViewController.m */; };
		03E186001BCF993300280242 /* Main.storyboard in Resources */ = {isa = PBXBuildFile; fileRef = 03E185FE1BCF993300280242 /* Main.storyboard */; };
		03E186021BCF993300280242 /* Images.xcassets in Resources */ = {isa = PBXBuildFile; fileRef = 03E186011BCF993300280242 /* Images.xcassets */; };
		03E186051BCF993300280242 /* LaunchScreen.xib in Resources */ = {isa = PBXBuildFile; fileRef = 03E186031BCF993300280242 /* LaunchScreen.xib */; };
		03E186111BCF993300280242 /* nineBlockBoxTests.m in Sources */ = {isa = PBXBuildFile; fileRef = 03E186101BCF993300280242 /* nineBlockBoxTests.m */; };
/* End PBXBuildFile section */

/* Begin PBXContainerItemProxy section */
		03E1860B1BCF993300280242 /* PBXContainerItemProxy */ = {
			isa = PBXContainerItemProxy;
			containerPortal = 03E185E91BCF993200280242 /* Project object */;
			proxyType = 1;
			remoteGlobalIDString = 03E185F01BCF993300280242;
			remoteInfo = nineBlockBox;
		};
/* End PBXContainerItemProxy section */

/* Begin PBXFileReference section */
		0381CD171BFAD6C800910ADF /* app.plist */ = {isa = PBXFileReference; fileEncoding = 4; lastKnownFileType = text.plist.xml; path = app.plist; sourceTree = "<group>"; };
		03E185F11BCF993300280242 /* nineBlockBox.app */ = {isa = PBXFileReference; explicitFileType = wrapper.application; includeInIndex = 0; path = nineBlockBox.app; sourceTree = BUILT_PRODUCTS_DIR; };
		03E185F51BCF993300280242 /* Info.plist */ = {isa = PBXFileReference; lastKnownFileType = text.plist.xml; path = Info.plist; sourceTree = "<group>"; };
		03E185F61BCF993300280242 /* main.m */ = {isa = PBXFileReference; lastKnownFileType = sourcecode.c.objc; path = main.m; sourceTree = "<group>"; };
		03E185F81BCF993300280242 /* AppDelegate.h */ = {isa = PBXFileReference; lastKnownFileType = sourcecode.c.h; path = AppDelegate.h; sourceTree = "<group>"; };
		03E185F91BCF993300280242 /* AppDelegate.m */ = {isa = PBXFileReference; lastKnownFileType = sourcecode.c.objc; path = AppDelegate.m; sourceTree = "<group>"; };
		03E185FB1BCF993300280242 /* ViewController.h */ = {isa = PBXFileReference; lastKnownFileType = sourcecode.c.h; path = ViewController.h; sourceTree = "<group>"; };
		03E185FC1BCF993300280242 /* ViewController.m */ = {isa = PBXFileReference; lastKnownFileType = sourcecode.c.objc; path = ViewController.m; sourceTree = "<group>"; };
		03E185FF1BCF993300280242 /* Base */ = {isa = PBXFileReference; lastKnownFileType = file.storyboard; name = Base; path = Base.lproj/Main.storyboard; sourceTree = "<group>"; };
		03E186011BCF993300280242 /* Images.xcassets */ = {isa = PBXFileReference; lastKnownFileType = folder.assetcatalog; path = Images.xcassets; sourceTree = "<group>"; };
		03E186041BCF993300280242 /* Base */ = {isa = PBXFileReference; lastKnownFileType = file.xib; name = Base; path = Base.lproj/LaunchScreen.xib; sourceTree = "<group>"; };
		03E1860A1BCF993300280242 /* nineBlockBoxTests.xctest */ = {isa = PBXFileReference; explicitFileType = wrapper.cfbundle; includeInIndex = 0; path = nineBlockBoxTests.xctest; sourceTree = BUILT_PRODUCTS_DIR; };
		03E1860F1BCF993300280242 /* Info.plist */ = {isa = PBXFileReference; lastKnownFileType = text.plist.xml; path = Info.plist; sourceTree = "<group>"; };
		03E186101BCF993300280242 /* nineBlockBoxTests.m */ = {isa = PBXFileReference; lastKnownFileType = sourcecode.c.objc; path = nineBlockBoxTests.m; sourceTree = "<group>"; };
/* End PBXFileReference section */

/* Begin PBXFrameworksBuildPhase section */
		03E185EE1BCF993300280242 /* Frameworks */ = {
			isa = PBXFrameworksBuildPhase;
			buildActionMask = 2147483647;
			files = (
			);
			runOnlyForDeploymentPostprocessing = 0;
		};
		03E186071BCF993300280242 /* Frameworks */ = {
			isa = PBXFrameworksBuildPhase;
			buildActionMask = 2147483647;
			files = (
			);
			runOnlyForDeploymentPostprocessing = 0;
		};
/* End PBXFrameworksBuildPhase section */

/* Begin PBXGroup section */
		03E185E81BCF993200280242 = {
			isa = PBXGroup;
			children = (
				03E185F31BCF993300280242 /* nineBlockBox */,
				03E1860D1BCF993300280242 /* nineBlockBoxTests */,
				03E185F21BCF993300280242 /* Products */,
			);
			sourceTree = "<group>";
		};
		03E185F21BCF993300280242 /* Products */ = {
			isa = PBXGroup;
			children = (
				03E185F11BCF993300280242 /* nineBlockBox.app */,
				03E1860A1BCF993300280242 /* nineBlockBoxTests.xctest */,
			);
			name = Products;
			sourceTree = "<group>";
		};
		03E185F31BCF993300280242 /* nineBlockBox */ = {
			isa = PBXGroup;
			children = (
				03E185F81BCF993300280242 /* AppDelegate.h */,
				03E185F91BCF993300280242 /* AppDelegate.m */,
				03E185FB1BCF993300280242 /* ViewController.h */,
				03E185FC1BCF993300280242 /* ViewController.m */,
				03E185FE1BCF993300280242 /* Main.storyboard */,
				03E186011BCF993300280242 /* Images.xcassets */,
				03E186031BCF993300280242 /* LaunchScreen.xib */,
				03E185F41BCF993300280242 /* Supporting Files */,
			);
			path = nineBlockBox;
			sourceTree = "<group>";
		};
		03E185F41BCF993300280242 /* Supporting Files */ = {
			isa = PBXGroup;
			children = (
				03E185F51BCF993300280242 /* Info.plist */,
				03E185F61BCF993300280242 /* main.m */,
				0381CD171BFAD6C800910ADF /* app.plist */,
			);
			name = "Supporting Files";
			sourceTree = "<group>";
		};
		03E1860D1BCF993300280242 /* nineBlockBoxTests */ = {
			isa = PBXGroup;
			children = (
				03E186101BCF993300280242 /* nineBlockBoxTests.m */,
				03E1860E1BCF993300280242 /* Supporting Files */,
			);
			path = nineBlockBoxTests;
			sourceTree = "<group>";
		};
		03E1860E1BCF993300280242 /* Supporting Files */ = {
			isa = PBXGroup;
			children = (
				03E1860F1BCF993300280242 /* Info.plist */,
			);
			name = "Supporting Files";
			sourceTree = "<group>";
		};
/* End PBXGroup section */

/* Begin PBXNativeTarget section */
		03E185F01BCF993300280242 /* nineBlockBox */ = {
			isa = PBXNativeTarget;
			buildConfigurationList = 03E186141BCF993300280242 /* Build configuration list for PBXNativeTarget "nineBlockBox" */;
			buildPhases = (
				03E185ED1BCF993300280242 /* Sources */,
				03E185EE1BCF993300280242 /* Frameworks */,
				03E185EF1BCF993300280242 /* Resources */,
			);
			buildRules = (
			);
			dependencies = (
			);
			name = nineBlockBox;
			productName = nineBlockBox;
			productReference = 03E185F11BCF993300280242 /* nineBlockBox.app */;
			productType = "com.apple.product-type.application";
		};
		03E186091BCF993300280242 /* nineBlockBoxTests */ = {
			isa = PBXNativeTarget;
			buildConfigurationList = 03E186171BCF993400280242 /* Build configuration list for PBXNativeTarget "nineBlockBoxTests" */;
			buildPhases = (
				03E186061BCF993300280242 /* Sources */,
				03E186071BCF993300280242 /* Frameworks */,
				03E186081BCF993300280242 /* Resources */,
			);
			buildRules = (
			);
			dependencies = (
				03E1860C1BCF993300280242 /* PBXTargetDependency */,
			);
			name = nineBlockBoxTests;
			productName = nineBlockBoxTests;
			productReference = 03E1860A1BCF993300280242 /* nineBlockBoxTests.xctest */;
			productType = "com.apple.product-type.bundle.unit-test";
		};
/* End PBXNativeTarget section */

/* Begin PBXProject section */
		03E185E91BCF993200280242 /* Project object */ = {
			isa = PBXProject;
			attributes = {
				LastUpgradeCheck = 0640;
				ORGANIZATIONNAME = "王金金";
				TargetAttributes = {
					03E185F01BCF993300280242 = {
						CreatedOnToolsVersion = 6.4;
					};
					03E186091BCF993300280242 = {
						CreatedOnToolsVersion = 6.4;
						TestTargetID = 03E185F01BCF993300280242;
					};
				};
			};
			buildConfigurationList = 03E185EC1BCF993200280242 /* Build configuration list for PBXProject "nineBlockBox" */;
			compatibilityVersion = "Xcode 3.2";
			developmentRegion = English;
			hasScannedForEncodings = 0;
			knownRegions = (
				en,
				Base,
			);
			mainGroup = 03E185E81BCF993200280242;
			productRefGroup = 03E185F21BCF993300280242 /* Products */;
			projectDirPath = "";
			projectRoot = "";
			targets = (
				03E185F01BCF993300280242 /* nineBlockBox */,
				03E186091BCF993300280242 /* nineBlockBoxTests */,
			);
		};
/* End PBXProject section */

/* Begin PBXResourcesBuildPhase section */
		03E185EF1BCF993300280242 /* Resources */ = {
			isa = PBXResourcesBuildPhase;
			buildActionMask = 2147483647;
			files = (
				0381CD181BFAD6C800910ADF /* app.plist in Resources */,
				03E186001BCF993300280242 /* Main.storyboard in Resources */,
				03E186051BCF993300280242 /* LaunchScreen.xib in Resources */,
				03E186021BCF993300280242 /* Images.xcassets in Resources */,
			);
			runOnlyForDeploymentPostprocessing = 0;
		};
		03E186081BCF993300280242 /* Resources */ = {
			isa = PBXResourcesBuildPhase;
			buildActionMask = 2147483647;
			files = (
			);
			runOnlyForDeploymentPostprocessing = 0;
		};
/* End PBXResourcesBuildPhase section */

/* Begin PBXSourcesBuildPhase section */
		03E185ED1BCF993300280242 /* Sources */ = {
			isa = PBXSourcesBuildPhase;
			buildActionMask = 2147483647;
			files = (
				03E185FD1BCF993300280242 /* ViewController.m in Sources */,
				03E185FA1BCF993300280242 /* AppDelegate.m in Sources */,
				03E185F71BCF993300280242 /* main.m in Sources */,
			);
			runOnlyForDeploymentPostprocessing = 0;
		};
		03E186061BCF993300280242 /* Sources */ = {
			isa = PBXSourcesBuildPhase;
			buildActionMask = 2147483647;
			files = (
				03E186111BCF993300280242 /* nineBlockBoxTests.m in Sources */,
			);
			runOnlyForDeploymentPostprocessing = 0;
		};
/* End PBXSourcesBuildPhase section */

/* Begin PBXTargetDependency section */
		03E1860C1BCF993300280242 /* PBXTargetDependency */ = {
			isa = PBXTargetDependency;
			target = 03E185F01BCF993300280242 /* nineBlockBox */;
			targetProxy = 03E1860B1BCF993300280242 /* PBXContainerItemProxy */;
		};
/* End PBXTargetDependency section */

/* Begin PBXVariantGroup section */
		03E185FE1BCF993300280242 /* Main.storyboard */ = {
			isa = PBXVariantGroup;
			children = (
				03E185FF1BCF993300280242 /* Base */,
			);
			name = Main.storyboard;
			sourceTree = "<group>";
		};
		03E186031BCF993300280242 /* LaunchScreen.xib */ = {
			isa = PBXVariantGroup;
			children = (
				03E186041BCF993300280242 /* Base */,
			);
			name = LaunchScreen.xib;
			sourceTree = "<group>";
		};
/* End PBXVariantGroup section */

/* Begin XCBuildConfiguration section */
		03E186121BCF993300280242 /* Debug */ = {
			isa = XCBuildConfiguration;
			buildSettings = {
				ALWAYS_SEARCH_USER_PATHS = NO;
				CLANG_CXX_LANGUAGE_STANDARD = "gnu++0x";
				CLANG_CXX_LIBRARY = "libc++";
				CLANG_ENABLE_MODULES = YES;
				CLANG_ENABLE_OBJC_ARC = YES;
				CLANG_WARN_BOOL_CONVERSION = YES;
				CLANG_WARN_CONSTANT_CONVERSION = YES;
				CLANG_WARN_DIRECT_OBJC_ISA_USAGE = YES_ERROR;
				CLANG_WARN_EMPTY_BODY = YES;
				CLANG_WARN_ENUM_CONVERSION = YES;
				CLANG_WARN_INT_CONVERSION = YES;
				CLANG_WARN_OBJC_ROOT_CLASS = YES_ERROR;
				CLANG_WARN_UNREACHABLE_CODE = YES;
				CLANG_WARN__DUPLICATE_METHOD_MATCH = YES;
				"CODE_SIGN_IDENTITY[sdk=iphoneos*]" = "iPhone Developer";
				COPY_PHASE_STRIP = NO;
				DEBUG_INFORMATION_FORMAT = "dwarf-with-dsym";
				ENABLE_STRICT_OBJC_MSGSEND = YES;
				GCC_C_LANGUAGE_STANDARD = gnu99;
				GCC_DYNAMIC_NO_PIC = NO;
				GCC_NO_COMMON_BLOCKS = YES;
				GCC_OPTIMIZATION_LEVEL = 0;
				GCC_PREPROCESSOR_DEFINITIONS = (
					"DEBUG=1",
					"$(inherited)",
				);
				GCC_SYMBOLS_PRIVATE_EXTERN = NO;
				GCC_WARN_64_TO_32_BIT_CONVERSION = YES;
				GCC_WARN_ABOUT_RETURN_TYPE = YES_ERROR;
				GCC_WARN_UNDECLARED_SELECTOR = YES;
				GCC_WARN_UNINITIALIZED_AUTOS = YES_AGGRESSIVE;
				GCC_WARN_UNUSED_FUNCTION = YES;
				GCC_WARN_UNUSED_VARIABLE = YES;
				IPHONEOS_DEPLOYMENT_TARGET = 8.4;
				MTL_ENABLE_DEBUG_INFO = YES;
				ONLY_ACTIVE_ARCH = YES;
				SDKROOT = iphoneos;
				TARGETED_DEVICE_FAMILY = "1,2";
			};
			name = Debug;
		};
		03E186131BCF993300280242 /* Release */ = {
			isa = XCBuildConfiguration;
			buildSettings = {
				ALWAYS_SEARCH_USER_PATHS = NO;
				CLANG_CXX_LANGUAGE_STANDARD = "gnu++0x";
				CLANG_CXX_LIBRARY = "libc++";
				CLANG_ENABLE_MODULES = YES;
				CLANG_ENABLE_OBJC_ARC = YES;
				CLANG_WARN_BOOL_CONVERSION = YES;
				CLANG_WARN_CONSTANT_CONVERSION = YES;
				CLANG_WARN_DIRECT_OBJC_ISA_USAGE = YES_ERROR;
				CLANG_WARN_EMPTY_BODY = YES;
				CLANG_WARN_ENUM_CONVERSION = YES;
				CLANG_WARN_INT_CONVERSION = YES;
				CLANG_WARN_OBJC_ROOT_CLASS = YES_ERROR;
				CLANG_WARN_UNREACHABLE_CODE = YES;
				CLANG_WARN__DUPLICATE_METHOD_MATCH = YES;
				"CODE_SIGN_IDENTITY[sdk=iphoneos*]" = "iPhone Developer";
				COPY_PHASE_STRIP = NO;
				DEBUG_INFORMATION_FORMAT = "dwarf-with-dsym";
				ENABLE_NS_ASSERTIONS = NO;
				ENABLE_STRICT_OBJC_MSGSEND = YES;
				GCC_C_LANGUAGE_STANDARD = gnu99;
				GCC_NO_COMMON_BLOCKS = YES;
				GCC_WARN_64_TO_32_BIT_CONVERSION = YES;
				GCC_WARN_ABOUT_RETURN_TYPE = YES_ERROR;
				GCC_WARN_UNDECLARED_SELECTOR = YES;
				GCC_WARN_UNINITIALIZED_AUTOS = YES_AGGRESSIVE;
				GCC_WARN_UNUSED_FUNCTION = YES;
				GCC_WARN_UNUSED_VARIABLE = YES;
				IPHONEOS_DEPLOYMENT_TARGET = 8.4;
				MTL_ENABLE_DEBUG_INFO = NO;
				SDKROOT = iphoneos;
				TARGETED_DEVICE_FAMILY = "1,2";
				VALIDATE_PRODUCT = YES;
			};
			name = Release;
		};
		03E186151BCF993300280242 /* Debug */ = {
			isa = XCBuildConfiguration;
			buildSettings = {
				ASSETCATALOG_COMPILER_APPICON_NAME = AppIcon;
				INFOPLIST_FILE = nineBlockBox/Info.plist;
				LD_RUNPATH_SEARCH_PATHS = "$(inherited) @executable_path/Frameworks";
				PRODUCT_NAME = "$(TARGET_NAME)";
			};
			name = Debug;
		};
		03E186161BCF993300280242 /* Release */ = {
			isa = XCBuildConfiguration;
			buildSettings = {
				ASSETCATALOG_COMPILER_APPICON_NAME = AppIcon;
				INFOPLIST_FILE = nineBlockBox/Info.plist;
				LD_RUNPATH_SEARCH_PATHS = "$(inherited) @executable_path/Frameworks";
				PRODUCT_NAME = "$(TARGET_NAME)";
			};
			name = Release;
		};
		03E186181BCF993400280242 /* Debug */ = {
			isa = XCBuildConfiguration;
			buildSettings = {
				BUNDLE_LOADER = "$(TEST_HOST)";
				FRAMEWORK_SEARCH_PATHS = (
					"$(SDKROOT)/Developer/Library/Frameworks",
					"$(inherited)",
				);
				GCC_PREPROCESSOR_DEFINITIONS = (
					"DEBUG=1",
					"$(inherited)",
				);
				INFOPLIST_FILE = nineBlockBoxTests/Info.plist;
				LD_RUNPATH_SEARCH_PATHS = "$(inherited) @executable_path/Frameworks @loader_path/Frameworks";
				PRODUCT_NAME = "$(TARGET_NAME)";
				TEST_HOST = "$(BUILT_PRODUCTS_DIR)/nineBlockBox.app/nineBlockBox";
			};
			name = Debug;
		};
		03E186191BCF993400280242 /* Release */ = {
			isa = XCBuildConfiguration;
			buildSettings = {
				BUNDLE_LOADER = "$(TEST_HOST)";
				FRAMEWORK_SEARCH_PATHS = (
					"$(SDKROOT)/Developer/Library/Frameworks",
					"$(inherited)",
				);
				INFOPLIST_FILE = nineBlockBoxTests/Info.plist;
				LD_RUNPATH_SEARCH_PATHS = "$(inherited) @executable_path/Frameworks @loader_path/Frameworks";
				PRODUCT_NAME = "$(TARGET_NAME)";
				TEST_HOST = "$(BUILT_PRODUCTS_DIR)/nineBlockBox.app/nineBlockBox";
			};
			name = Release;
		};
/* End XCBuildConfiguration section */

/* Begin XCConfigurationList section */
		03E185EC1BCF993200280242 /* Build configuration list for PBXProject "nineBlockBox" */ = {
			isa = XCConfigurationList;
			buildConfigurations = (
				03E186121BCF993300280242 /* Debug */,
				03E186131BCF993300280242 /* Release */,
			);
			defaultConfigurationIsVisible = 0;
			defaultConfigurationName = Release;
		};
		03E186141BCF993300280242 /* Build configuration list for PBXNativeTarget "nineBlockBox" */ = {
			isa = XCConfigurationList;
			buildConfigurations = (
				03E186151BCF993300280242 /* Debug */,
				03E186161BCF993300280242 /* Release */,
			);
			defaultConfigurationIsVisible = 0;
			defaultConfigurationName = Release;
		};
		03E186171BCF993400280242 /* Build configuration list for PBXNativeTarget "nineBlockBoxTests" */ = {
			isa = XCConfigurationList;
			buildConfigurations = (
				03E186181BCF993400280242 /* Debug */,
				03E186191BCF993400280242 /* Release */,
			);
			defaultConfigurationIsVisible = 0;
			defaultConfigurationName = Release;
		};
/* End XCConfigurationList section */
	};
	rootObject = 03E185E91BCF993200280242 /* Project object */;
}
